Microsoft Visual Studio Solution File, Format Version 12.00
# Visual Studio Version 17
VisualStudioVersion = 17.5.2.0
MinimumVisualStudioVersion = 10.0.40219.1
Project("{2150E333-8FDC-42A3-9474-1A3956D46DE8}") = "dayA", "dayA", "{0FD93F74-068A-74C6-3E52-4D4CC33ADE5E}"
EndProject
Project("{2150E333-8FDC-42A3-9474-1A3956D46DE8}") = "csharp", "csharp", "{FED1D6E7-F05E-CB00-CCDB-97FBE5CF65E1}"
EndProject
Project("{FAE04EC0-301F-11D3-BF4B-00C04F79EFBC}") = "day00", "dayA\csharp\day00\day00.csproj", "{89E6F9B3-4542-A29A-F6BE-D2F7BE6B2CB5}"
EndProject
Global
	GlobalSection(SolutionConfigurationPlatforms) = preSolution
		Debug|Any CPU = Debug|Any CPU
		Release|Any CPU = Release|Any CPU
	EndGlobalSection
	GlobalSection(ProjectConfigurationPlatforms) = postSolution
		{89E6F9B3-4542-A29A-F6BE-D2F7BE6B2CB5}.Debug|Any CPU.ActiveCfg = Debug|Any CPU
		{89E6F9B3-4542-A29A-F6BE-D2F7BE6B2CB5}.Debug|Any CPU.Build.0 = Debug|Any CPU
		{89E6F9B3-4542-A29A-F6BE-D2F7BE6B2CB5}.Release|Any CPU.ActiveCfg = Release|Any CPU
		{89E6F9B3-4542-A29A-F6BE-D2F7BE6B2CB5}.Release|Any CPU.Build.0 = Release|Any CPU
	EndGlobalSection
	GlobalSection(SolutionProperties) = preSolution
		HideSolutionNode = FALSE
	EndGlobalSection
	GlobalSection(NestedProjects) = preSolution
		{FED1D6E7-F05E-CB00-CCDB-97FBE5CF65E1} = {0FD93F74-068A-74C6-3E52-4D4CC33ADE5E}
		{89E6F9B3-4542-A29A-F6BE-D2F7BE6B2CB5} = {FED1D6E7-F05E-CB00-CCDB-97FBE5CF65E1}
	EndGlobalSection
	GlobalSection(ExtensibilityGlobals) = postSolution
		SolutionGuid = {4CCF43EB-FBAB-4621-A27F-2487F1BA3671}
	EndGlobalSection
EndGlobal
